
Microsoft Visual Studio Solution File, Format Version 12.00
# Visual Studio 14
VisualStudioVersion = 14.0.25420.1
MinimumVisualStudioVersion = 10.0.40219.1
Project("{FAE04EC0-301F-11D3-BF4B-00C04F79EFBC}") = "TradeWeb", "TradeWeb\TradeWeb.csproj", "{60F3143C-BE9D-4630-A5AF-C9A46DCE7370}"
EndProject
Project("{FAE04EC0-301F-11D3-BF4B-00C04F79EFBC}") = "TradeWeb.Tests", "TradeWeb.Tests\TradeWeb.Tests.csproj", "{EB059800-F3F5-4F6D-B00C-95800C5AD470}"
EndProject
Project("{FAE04EC0-301F-11D3-BF4B-00C04F79EFBC}") = "Trade.BusinessLogic", "Trade.BusinessLogic\Trade.BusinessLogic.csproj", "{5900B4D9-BD67-46C4-9BCF-DD2C6D0ADDAC}"
EndProject
Project("{FAE04EC0-301F-11D3-BF4B-00C04F79EFBC}") = "Trade.Data", "Trade.Data\Trade.Data.csproj", "{90F6942D-E69A-46E2-B647-A8B9E539EF56}"
EndProject
Project("{FAE04EC0-301F-11D3-BF4B-00C04F79EFBC}") = "Trade.Service", "Trade.Service\Trade.Service.csproj", "{37649BE6-C66C-419A-9C43-251BF9BD4CC8}"
EndProject
Project("{FAE04EC0-301F-11D3-BF4B-00C04F79EFBC}") = "Trade.Model", "Trade.Model\Trade.Model.csproj", "{75C1A394-6D74-434D-9E73-EC3DBD10578C}"
EndProject
Global
	GlobalSection(SolutionConfigurationPlatforms) = preSolution
		Debug|Any CPU = Debug|Any CPU
		Release|Any CPU = Release|Any CPU
	EndGlobalSection
	GlobalSection(ProjectConfigurationPlatforms) = postSolution
		{60F3143C-BE9D-4630-A5AF-C9A46DCE7370}.Debug|Any CPU.ActiveCfg = Debug|Any CPU
		{60F3143C-BE9D-4630-A5AF-C9A46DCE7370}.Debug|Any CPU.Build.0 = Debug|Any CPU
		{60F3143C-BE9D-4630-A5AF-C9A46DCE7370}.Release|Any CPU.ActiveCfg = Release|Any CPU
		{60F3143C-BE9D-4630-A5AF-C9A46DCE7370}.Release|Any CPU.Build.0 = Release|Any CPU
		{EB059800-F3F5-4F6D-B00C-95800C5AD470}.Debug|Any CPU.ActiveCfg = Debug|Any CPU
		{EB059800-F3F5-4F6D-B00C-95800C5AD470}.Debug|Any CPU.Build.0 = Debug|Any CPU
		{EB059800-F3F5-4F6D-B00C-95800C5AD470}.Release|Any CPU.ActiveCfg = Release|Any CPU
		{EB059800-F3F5-4F6D-B00C-95800C5AD470}.Release|Any CPU.Build.0 = Release|Any CPU
		{5900B4D9-BD67-46C4-9BCF-DD2C6D0ADDAC}.Debug|Any CPU.ActiveCfg = Debug|Any CPU
		{5900B4D9-BD67-46C4-9BCF-DD2C6D0ADDAC}.Debug|Any CPU.Build.0 = Debug|Any CPU
		{5900B4D9-BD67-46C4-9BCF-DD2C6D0ADDAC}.Release|Any CPU.ActiveCfg = Release|Any CPU
		{5900B4D9-BD67-46C4-9BCF-DD2C6D0ADDAC}.Release|Any CPU.Build.0 = Release|Any CPU
		{90F6942D-E69A-46E2-B647-A8B9E539EF56}.Debug|Any CPU.ActiveCfg = Debug|Any CPU
		{90F6942D-E69A-46E2-B647-A8B9E539EF56}.Debug|Any CPU.Build.0 = Debug|Any CPU
		{90F6942D-E69A-46E2-B647-A8B9E539EF56}.Release|Any CPU.ActiveCfg = Release|Any CPU
		{90F6942D-E69A-46E2-B647-A8B9E539EF56}.Release|Any CPU.Build.0 = Release|Any CPU
		{37649BE6-C66C-419A-9C43-251BF9BD4CC8}.Debug|Any CPU.ActiveCfg = Debug|Any CPU
		{37649BE6-C66C-419A-9C43-251BF9BD4CC8}.Debug|Any CPU.Build.0 = Debug|Any CPU
		{37649BE6-C66C-419A-9C43-251BF9BD4CC8}.Release|Any CPU.ActiveCfg = Release|Any CPU
		{37649BE6-C66C-419A-9C43-251BF9BD4CC8}.Release|Any CPU.Build.0 = Release|Any CPU
		{75C1A394-6D74-434D-9E73-EC3DBD10578C}.Debug|Any CPU.ActiveCfg = Debug|Any CPU
		{75C1A394-6D74-434D-9E73-EC3DBD10578C}.Debug|Any CPU.Build.0 = Debug|Any CPU
		{75C1A394-6D74-434D-9E73-EC3DBD10578C}.Release|Any CPU.ActiveCfg = Release|Any CPU
		{75C1A394-6D74-434D-9E73-EC3DBD10578C}.Release|Any CPU.Build.0 = Release|Any CPU
	EndGlobalSection
	GlobalSection(SolutionProperties) = preSolution
		HideSolutionNode = FALSE
	EndGlobalSection
EndGlobal
